
Microsoft Visual Studio Solution File, Format Version 12.00
# Visual Studio Version 16
VisualStudioVersion = 16.0.31424.327
MinimumVisualStudioVersion = 10.0.40219.1
Project("{FAE04EC0-301F-11D3-BF4B-00C04F79EFBC}") = "SW_Consultorio", "SW_Consultorio\SW_Consultorio.csproj", "{979C3C11-B7D0-4A2C-9F6B-CFE8438C521B}"
EndProject
Global
	GlobalSection(SolutionConfigurationPlatforms) = preSolution
		Debug|Any CPU = Debug|Any CPU
		Release|Any CPU = Release|Any CPU
	EndGlobalSection
	GlobalSection(ProjectConfigurationPlatforms) = postSolution
		{979C3C11-B7D0-4A2C-9F6B-CFE8438C521B}.Debug|Any CPU.ActiveCfg = Debug|Any CPU
		{979C3C11-B7D0-4A2C-9F6B-CFE8438C521B}.Debug|Any CPU.Build.0 = Debug|Any CPU
		{979C3C11-B7D0-4A2C-9F6B-CFE8438C521B}.Release|Any CPU.ActiveCfg = Release|Any CPU
		{979C3C11-B7D0-4A2C-9F6B-CFE8438C521B}.Release|Any CPU.Build.0 = Release|Any CPU
	EndGlobalSection
	GlobalSection(SolutionProperties) = preSolution
		HideSolutionNode = FALSE
	EndGlobalSection
	GlobalSection(ExtensibilityGlobals) = postSolution
		SolutionGuid = {3A5A2FFC-5BB2-4A56-B4A3-FCD104231E01}
	EndGlobalSection
EndGlobal
